
Microsoft Visual Studio Solution File, Format Version 11.00
# Visual Studio 2010
Project("{FAE04EC0-301F-11D3-BF4B-00C04F79EFBC}") = "Facebook.WP7.Controls", "Facebook.WP7.Controls\Facebook.WP7.Controls.csproj", "{00AC4D79-7EB3-47B0-BC88-C0F36497CC65}"
EndProject
Project("{FAE04EC0-301F-11D3-BF4B-00C04F79EFBC}") = "FacebookLoginSample", "FacebookLoginSample\FacebookLoginSample.csproj", "{2059EAD3-5903-4BD1-A9DA-1D6ECAFD2BC0}"
EndProject
Global
	GlobalSection(SolutionConfigurationPlatforms) = preSolution
		Debug|Any CPU = Debug|Any CPU
		Release|Any CPU = Release|Any CPU
	EndGlobalSection
	GlobalSection(ProjectConfigurationPlatforms) = postSolution
		{00AC4D79-7EB3-47B0-BC88-C0F36497CC65}.Debug|Any CPU.ActiveCfg = Debug|Any CPU
		{00AC4D79-7EB3-47B0-BC88-C0F36497CC65}.Debug|Any CPU.Build.0 = Debug|Any CPU
		{00AC4D79-7EB3-47B0-BC88-C0F36497CC65}.Release|Any CPU.ActiveCfg = Release|Any CPU
		{00AC4D79-7EB3-47B0-BC88-C0F36497CC65}.Release|Any CPU.Build.0 = Release|Any CPU
		{2059EAD3-5903-4BD1-A9DA-1D6ECAFD2BC0}.Debug|Any CPU.ActiveCfg = Debug|Any CPU
		{2059EAD3-5903-4BD1-A9DA-1D6ECAFD2BC0}.Debug|Any CPU.Build.0 = Debug|Any CPU
		{2059EAD3-5903-4BD1-A9DA-1D6ECAFD2BC0}.Debug|Any CPU.Deploy.0 = Debug|Any CPU
		{2059EAD3-5903-4BD1-A9DA-1D6ECAFD2BC0}.Release|Any CPU.ActiveCfg = Release|Any CPU
		{2059EAD3-5903-4BD1-A9DA-1D6ECAFD2BC0}.Release|Any CPU.Build.0 = Release|Any CPU
		{2059EAD3-5903-4BD1-A9DA-1D6ECAFD2BC0}.Release|Any CPU.Deploy.0 = Release|Any CPU
	EndGlobalSection
	GlobalSection(SolutionProperties) = preSolution
		HideSolutionNode = FALSE
	EndGlobalSection
EndGlobal
